
Microsoft Visual Studio Solution File, Format Version 12.00
# Visual Studio 15
VisualStudioVersion = 15.0.28010.2003
MinimumVisualStudioVersion = 10.0.40219.1
Project("{FAE04EC0-301F-11D3-BF4B-00C04F79EFBC}") = "DistanceRules", "DistanceRules\DistanceRules.csproj", "{8F0DF441-70C3-40DF-958C-0F754ECAFA7F}"
EndProject
Project("{FAE04EC0-301F-11D3-BF4B-00C04F79EFBC}") = "DistanceDomain", "DistanceDomain\DistanceDomain.csproj", "{B65E2D86-167E-4E67-8AD1-95F50EFD16BD}"
EndProject
Project("{FAE04EC0-301F-11D3-BF4B-00C04F79EFBC}") = "DistanceEngine", "DistanceEngine\DistanceEngine.csproj", "{FBACF9DA-CF82-4794-9DEE-80E2B5DD92C4}"
EndProject
Global
	GlobalSection(SolutionConfigurationPlatforms) = preSolution
		Debug|Any CPU = Debug|Any CPU
		Release|Any CPU = Release|Any CPU
	EndGlobalSection
	GlobalSection(ProjectConfigurationPlatforms) = postSolution
		{8F0DF441-70C3-40DF-958C-0F754ECAFA7F}.Debug|Any CPU.ActiveCfg = Debug|Any CPU
		{8F0DF441-70C3-40DF-958C-0F754ECAFA7F}.Debug|Any CPU.Build.0 = Debug|Any CPU
		{8F0DF441-70C3-40DF-958C-0F754ECAFA7F}.Release|Any CPU.ActiveCfg = Release|Any CPU
		{8F0DF441-70C3-40DF-958C-0F754ECAFA7F}.Release|Any CPU.Build.0 = Release|Any CPU
		{B65E2D86-167E-4E67-8AD1-95F50EFD16BD}.Debug|Any CPU.ActiveCfg = Debug|Any CPU
		{B65E2D86-167E-4E67-8AD1-95F50EFD16BD}.Debug|Any CPU.Build.0 = Debug|Any CPU
		{B65E2D86-167E-4E67-8AD1-95F50EFD16BD}.Release|Any CPU.ActiveCfg = Release|Any CPU
		{B65E2D86-167E-4E67-8AD1-95F50EFD16BD}.Release|Any CPU.Build.0 = Release|Any CPU
		{FBACF9DA-CF82-4794-9DEE-80E2B5DD92C4}.Debug|Any CPU.ActiveCfg = Debug|Any CPU
		{FBACF9DA-CF82-4794-9DEE-80E2B5DD92C4}.Debug|Any CPU.Build.0 = Debug|Any CPU
		{FBACF9DA-CF82-4794-9DEE-80E2B5DD92C4}.Release|Any CPU.ActiveCfg = Release|Any CPU
		{FBACF9DA-CF82-4794-9DEE-80E2B5DD92C4}.Release|Any CPU.Build.0 = Release|Any CPU
	EndGlobalSection
	GlobalSection(SolutionProperties) = preSolution
		HideSolutionNode = FALSE
	EndGlobalSection
	GlobalSection(ExtensibilityGlobals) = postSolution
		SolutionGuid = {44B6B909-7C95-4381-BB1C-28D636D53A97}
	EndGlobalSection
EndGlobal
